// !$*UTF8*$!
{
	archiveVersion = 1;
	classes = {
	};
	objectVersion = 50;
	objects = {

/* Begin PBXBuildFile section */
		6ECBF45023BAA09A00370E7A /* AppDelegate.swift in Sources */ = {isa = PBXBuildFile; fileRef = 6ECBF44F23BAA09A00370E7A /* AppDelegate.swift */; };
		6ECBF45223BAA09A00370E7A /* SceneDelegate.swift in Sources */ = {isa = PBXBuildFile; fileRef = 6ECBF45123BAA09A00370E7A /* SceneDelegate.swift */; };
		6ECBF45923BAA09B00370E7A /* Assets.xcassets in Resources */ = {isa = PBXBuildFile; fileRef = 6ECBF45823BAA09B00370E7A /* Assets.xcassets */; };
		6ECBF45C23BAA09B00370E7A /* LaunchScreen.storyboard in Resources */ = {isa = PBXBuildFile; fileRef = 6ECBF45A23BAA09B00370E7A /* LaunchScreen.storyboard */; };
		6ECBF46423BAA16700370E7A /* ProjectBrief.md in Resources */ = {isa = PBXBuildFile; fileRef = 6ECBF46323BAA16600370E7A /* ProjectBrief.md */; };
		6ECBF46723BAA6BB00370E7A /* SearchVC.swift in Sources */ = {isa = PBXBuildFile; fileRef = 6ECBF46523BAA69C00370E7A /* SearchVC.swift */; };
		6ECBF46923BAA6D900370E7A /* FavoritesListVC.swift in Sources */ = {isa = PBXBuildFile; fileRef = 6ECBF46823BAA6D900370E7A /* FavoritesListVC.swift */; };
		6ECBF46B23BAAB6800370E7A /* GFButton.swift in Sources */ = {isa = PBXBuildFile; fileRef = 6ECBF46A23BAAB6800370E7A /* GFButton.swift */; };
		6ECBF46D23BAAED600370E7A /* GFTextField.swift in Sources */ = {isa = PBXBuildFile; fileRef = 6ECBF46C23BAAED600370E7A /* GFTextField.swift */; };
/* End PBXBuildFile section */

/* Begin PBXFileReference section */
		6ECBF44C23BAA09A00370E7A /* GHFollowers.app */ = {isa = PBXFileReference; explicitFileType = wrapper.application; includeInIndex = 0; path = GHFollowers.app; sourceTree = BUILT_PRODUCTS_DIR; };
		6ECBF44F23BAA09A00370E7A /* AppDelegate.swift */ = {isa = PBXFileReference; lastKnownFileType = sourcecode.swift; path = AppDelegate.swift; sourceTree = "<group>"; };
		6ECBF45123BAA09A00370E7A /* SceneDelegate.swift */ = {isa = PBXFileReference; lastKnownFileType = sourcecode.swift; path = SceneDelegate.swift; sourceTree = "<group>"; };
		6ECBF45823BAA09B00370E7A /* Assets.xcassets */ = {isa = PBXFileReference; lastKnownFileType = folder.assetcatalog; path = Assets.xcassets; sourceTree = "<group>"; };
		6ECBF45B23BAA09B00370E7A /* Base */ = {isa = PBXFileReference; lastKnownFileType = file.storyboard; name = Base; path = Base.lproj/LaunchScreen.storyboard; sourceTree = "<group>"; };
		6ECBF45D23BAA09B00370E7A /* Info.plist */ = {isa = PBXFileReference; lastKnownFileType = text.plist.xml; path = Info.plist; sourceTree = "<group>"; };
		6ECBF46323BAA16600370E7A /* ProjectBrief.md */ = {isa = PBXFileReference; fileEncoding = 4; lastKnownFileType = net.daringfireball.markdown; path = ProjectBrief.md; sourceTree = "<group>"; };
		6ECBF46523BAA69C00370E7A /* SearchVC.swift */ = {isa = PBXFileReference; lastKnownFileType = sourcecode.swift; path = SearchVC.swift; sourceTree = "<group>"; };
		6ECBF46823BAA6D900370E7A /* FavoritesListVC.swift */ = {isa = PBXFileReference; lastKnownFileType = sourcecode.swift; path = FavoritesListVC.swift; sourceTree = "<group>"; };
		6ECBF46A23BAAB6800370E7A /* GFButton.swift */ = {isa = PBXFileReference; lastKnownFileType = sourcecode.swift; path = GFButton.swift; sourceTree = "<group>"; };
		6ECBF46C23BAAED600370E7A /* GFTextField.swift */ = {isa = PBXFileReference; lastKnownFileType = sourcecode.swift; path = GFTextField.swift; sourceTree = "<group>"; };
/* End PBXFileReference section */

/* Begin PBXFrameworksBuildPhase section */
		6ECBF44923BAA09A00370E7A /* Frameworks */ = {
			isa = PBXFrameworksBuildPhase;
			buildActionMask = 2147483647;
			files = (
			);
			runOnlyForDeploymentPostprocessing = 0;
		};
/* End PBXFrameworksBuildPhase section */

/* Begin PBXGroup section */
		6ECBF44323BAA09900370E7A = {
			isa = PBXGroup;
			children = (
				6ECBF46323BAA16600370E7A /* ProjectBrief.md */,
				6ECBF44E23BAA09A00370E7A /* GHFollowers */,
				6ECBF44D23BAA09A00370E7A /* Products */,
			);
			sourceTree = "<group>";
		};
		6ECBF44D23BAA09A00370E7A /* Products */ = {
			isa = PBXGroup;
			children = (
				6ECBF44C23BAA09A00370E7A /* GHFollowers.app */,
			);
			name = Products;
			sourceTree = "<group>";
		};
		6ECBF44E23BAA09A00370E7A /* GHFollowers */ = {
			isa = PBXGroup;
			children = (
				6ECBF46523BAA69C00370E7A /* SearchVC.swift */,
				6ECBF46C23BAAED600370E7A /* GFTextField.swift */,
				6ECBF46823BAA6D900370E7A /* FavoritesListVC.swift */,
				6ECBF44F23BAA09A00370E7A /* AppDelegate.swift */,
				6ECBF45123BAA09A00370E7A /* SceneDelegate.swift */,
				6ECBF46A23BAAB6800370E7A /* GFButton.swift */,
				6ECBF45823BAA09B00370E7A /* Assets.xcassets */,
				6ECBF45A23BAA09B00370E7A /* LaunchScreen.storyboard */,
				6ECBF45D23BAA09B00370E7A /* Info.plist */,
			);
			path = GHFollowers;
			sourceTree = "<group>";
		};
/* End PBXGroup section */

/* Begin PBXNativeTarget section */
		6ECBF44B23BAA09A00370E7A /* GHFollowers */ = {
			isa = PBXNativeTarget;
			buildConfigurationList = 6ECBF46023BAA09B00370E7A /* Build configuration list for PBXNativeTarget "GHFollowers" */;
			buildPhases = (
				6ECBF44823BAA09A00370E7A /* Sources */,
				6ECBF44923BAA09A00370E7A /* Frameworks */,
				6ECBF44A23BAA09A00370E7A /* Resources */,
			);
			buildRules = (
			);
			dependencies = (
			);
			name = GHFollowers;
			productName = GHFollowers;
			productReference = 6ECBF44C23BAA09A00370E7A /* GHFollowers.app */;
			productType = "com.apple.product-type.application";
		};
/* End PBXNativeTarget section */

/* Begin PBXProject section */
		6ECBF44423BAA09900370E7A /* Project object */ = {
			isa = PBXProject;
			attributes = {
				LastSwiftUpdateCheck = 1130;
				LastUpgradeCheck = 1130;
				ORGANIZATIONNAME = "Lonnie Gerol";
				TargetAttributes = {
					6ECBF44B23BAA09A00370E7A = {
						CreatedOnToolsVersion = 11.3;
					};
				};
			};
			buildConfigurationList = 6ECBF44723BAA09900370E7A /* Build configuration list for PBXProject "GHFollowers" */;
			compatibilityVersion = "Xcode 9.3";
			developmentRegion = en;
			hasScannedForEncodings = 0;
			knownRegions = (
				en,
				Base,
			);
			mainGroup = 6ECBF44323BAA09900370E7A;
			productRefGroup = 6ECBF44D23BAA09A00370E7A /* Products */;
			projectDirPath = "";
			projectRoot = "";
			targets = (
				6ECBF44B23BAA09A00370E7A /* GHFollowers */,
			);
		};
/* End PBXProject section */

/* Begin PBXResourcesBuildPhase section */
		6ECBF44A23BAA09A00370E7A /* Resources */ = {
			isa = PBXResourcesBuildPhase;
			buildActionMask = 2147483647;
			files = (
				6ECBF46423BAA16700370E7A /* ProjectBrief.md in Resources */,
				6ECBF45C23BAA09B00370E7A /* LaunchScreen.storyboard in Resources */,
				6ECBF45923BAA09B00370E7A /* Assets.xcassets in Resources */,
			);
			runOnlyForDeploymentPostprocessing = 0;
		};
/* End PBXResourcesBuildPhase section */

/* Begin PBXSourcesBuildPhase section */
		6ECBF44823BAA09A00370E7A /* Sources */ = {
			isa = PBXSourcesBuildPhase;
			buildActionMask = 2147483647;
			files = (
				6ECBF46D23BAAED600370E7A /* GFTextField.swift in Sources */,
				6ECBF46923BAA6D900370E7A /* FavoritesListVC.swift in Sources */,
				6ECBF46B23BAAB6800370E7A /* GFButton.swift in Sources */,
				6ECBF46723BAA6BB00370E7A /* SearchVC.swift in Sources */,
				6ECBF45023BAA09A00370E7A /* AppDelegate.swift in Sources */,
				6ECBF45223BAA09A00370E7A /* SceneDelegate.swift in Sources */,
			);
			runOnlyForDeploymentPostprocessing = 0;
		};
/* End PBXSourcesBuildPhase section */

/* Begin PBXVariantGroup section */
		6ECBF45A23BAA09B00370E7A /* LaunchScreen.storyboard */ = {
			isa = PBXVariantGroup;
			children = (
				6ECBF45B23BAA09B00370E7A /* Base */,
			);
			name = LaunchScreen.storyboard;
			sourceTree = "<group>";
		};
/* End PBXVariantGroup section */

/* Begin XCBuildConfiguration section */
		6ECBF45E23BAA09B00370E7A /* Debug */ = {
			isa = XCBuildConfiguration;
			buildSettings = {
				ALWAYS_SEARCH_USER_PATHS = NO;
				CLANG_ANALYZER_NONNULL = YES;
				CLANG_ANALYZER_NUMBER_OBJECT_CONVERSION = YES_AGGRESSIVE;
				CLANG_CXX_LANGUAGE_STANDARD = "gnu++14";
				CLANG_CXX_LIBRARY = "libc++";
				CLANG_ENABLE_MODULES = YES;
				CLANG_ENABLE_OBJC_ARC = YES;
				CLANG_ENABLE_OBJC_WEAK = YES;
				CLANG_WARN_BLOCK_CAPTURE_AUTORELEASING = YES;
				CLANG_WARN_BOOL_CONVERSION = YES;
				CLANG_WARN_COMMA = YES;
				CLANG_WARN_CONSTANT_CONVERSION = YES;
				CLANG_WARN_DEPRECATED_OBJC_IMPLEMENTATIONS = YES;
				CLANG_WARN_DIRECT_OBJC_ISA_USAGE = YES_ERROR;
				CLANG_WARN_DOCUMENTATION_COMMENTS = YES;
				CLANG_WARN_EMPTY_BODY = YES;
				CLANG_WARN_ENUM_CONVERSION = YES;
				CLANG_WARN_INFINITE_RECURSION = YES;
				CLANG_WARN_INT_CONVERSION = YES;
				CLANG_WARN_NON_LITERAL_NULL_CONVERSION = YES;
				CLANG_WARN_OBJC_IMPLICIT_RETAIN_SELF = YES;
				CLANG_WARN_OBJC_LITERAL_CONVERSION = YES;
				CLANG_WARN_OBJC_ROOT_CLASS = YES_ERROR;
				CLANG_WARN_RANGE_LOOP_ANALYSIS = YES;
				CLANG_WARN_STRICT_PROTOTYPES = YES;
				CLANG_WARN_SUSPICIOUS_MOVE = YES;
				CLANG_WARN_UNGUARDED_AVAILABILITY = YES_AGGRESSIVE;
				CLANG_WARN_UNREACHABLE_CODE = YES;
				CLANG_WARN__DUPLICATE_METHOD_MATCH = YES;
				COPY_PHASE_STRIP = NO;
				DEBUG_INFORMATION_FORMAT = dwarf;
				ENABLE_STRICT_OBJC_MSGSEND = YES;
				ENABLE_TESTABILITY = YES;
				GCC_C_LANGUAGE_STANDARD = gnu11;
				GCC_DYNAMIC_NO_PIC = NO;
				GCC_NO_COMMON_BLOCKS = YES;
				GCC_OPTIMIZATION_LEVEL = 0;
				GCC_PREPROCESSOR_DEFINITIONS = (
					"DEBUG=1",
					"$(inherited)",
				);
				GCC_WARN_64_TO_32_BIT_CONVERSION = YES;
				GCC_WARN_ABOUT_RETURN_TYPE = YES_ERROR;
				GCC_WARN_UNDECLARED_SELECTOR = YES;
				GCC_WARN_UNINITIALIZED_AUTOS = YES_AGGRESSIVE;
				GCC_WARN_UNUSED_FUNCTION = YES;
				GCC_WARN_UNUSED_VARIABLE = YES;
				IPHONEOS_DEPLOYMENT_TARGET = 13.2;
				MTL_ENABLE_DEBUG_INFO = INCLUDE_SOURCE;
				MTL_FAST_MATH = YES;
				ONLY_ACTIVE_ARCH = YES;
				SDKROOT = iphoneos;
				SWIFT_ACTIVE_COMPILATION_CONDITIONS = DEBUG;
				SWIFT_OPTIMIZATION_LEVEL = "-Onone";
			};
			name = Debug;
		};
		6ECBF45F23BAA09B00370E7A /* Release */ = {
			isa = XCBuildConfiguration;
			buildSettings = {
				ALWAYS_SEARCH_USER_PATHS = NO;
				CLANG_ANALYZER_NONNULL = YES;
				CLANG_ANALYZER_NUMBER_OBJECT_CONVERSION = YES_AGGRESSIVE;
				CLANG_CXX_LANGUAGE_STANDARD = "gnu++14";
				CLANG_CXX_LIBRARY = "libc++";
				CLANG_ENABLE_MODULES = YES;
				CLANG_ENABLE_OBJC_ARC = YES;
				CLANG_ENABLE_OBJC_WEAK = YES;
				CLANG_WARN_BLOCK_CAPTURE_AUTORELEASING = YES;
				CLANG_WARN_BOOL_CONVERSION = YES;
				CLANG_WARN_COMMA = YES;
				CLANG_WARN_CONSTANT_CONVERSION = YES;
				CLANG_WARN_DEPRECATED_OBJC_IMPLEMENTATIONS = YES;
				CLANG_WARN_DIRECT_OBJC_ISA_USAGE = YES_ERROR;
				CLANG_WARN_DOCUMENTATION_COMMENTS = YES;
				CLANG_WARN_EMPTY_BODY = YES;
				CLANG_WARN_ENUM_CONVERSION = YES;
				CLANG_WARN_INFINITE_RECURSION = YES;
				CLANG_WARN_INT_CONVERSION = YES;
				CLANG_WARN_NON_LITERAL_NULL_CONVERSION = YES;
				CLANG_WARN_OBJC_IMPLICIT_RETAIN_SELF = YES;
				CLANG_WARN_OBJC_LITERAL_CONVERSION = YES;
				CLANG_WARN_OBJC_ROOT_CLASS = YES_ERROR;
				CLANG_WARN_RANGE_LOOP_ANALYSIS = YES;
				CLANG_WARN_STRICT_PROTOTYPES = YES;
				CLANG_WARN_SUSPICIOUS_MOVE = YES;
				CLANG_WARN_UNGUARDED_AVAILABILITY = YES_AGGRESSIVE;
				CLANG_WARN_UNREACHABLE_CODE = YES;
				CLANG_WARN__DUPLICATE_METHOD_MATCH = YES;
				COPY_PHASE_STRIP = NO;
				DEBUG_INFORMATION_FORMAT = "dwarf-with-dsym";
				ENABLE_NS_ASSERTIONS = NO;
				ENABLE_STRICT_OBJC_MSGSEND = YES;
				GCC_C_LANGUAGE_STANDARD = gnu11;
				GCC_NO_COMMON_BLOCKS = YES;
				GCC_WARN_64_TO_32_BIT_CONVERSION = YES;
				GCC_WARN_ABOUT_RETURN_TYPE = YES_ERROR;
				GCC_WARN_UNDECLARED_SELECTOR = YES;
				GCC_WARN_UNINITIALIZED_AUTOS = YES_AGGRESSIVE;
				GCC_WARN_UNUSED_FUNCTION = YES;
				GCC_WARN_UNUSED_VARIABLE = YES;
				IPHONEOS_DEPLOYMENT_TARGET = 13.2;
				MTL_ENABLE_DEBUG_INFO = NO;
				MTL_FAST_MATH = YES;
				SDKROOT = iphoneos;
				SWIFT_COMPILATION_MODE = wholemodule;
				SWIFT_OPTIMIZATION_LEVEL = "-O";
				VALIDATE_PRODUCT = YES;
			};
			name = Release;
		};
		6ECBF46123BAA09B00370E7A /* Debug */ = {
			isa = XCBuildConfiguration;
			buildSettings = {
				ASSETCATALOG_COMPILER_APPICON_NAME = AppIcon;
				CODE_SIGN_STYLE = Automatic;
				DEVELOPMENT_TEAM = K36HYHZA7X;
				INFOPLIST_FILE = GHFollowers/Info.plist;
				LD_RUNPATH_SEARCH_PATHS = (
					"$(inherited)",
					"@executable_path/Frameworks",
				);
				PRODUCT_BUNDLE_IDENTIFIER = com.lonniegerol.GHFollowers;
				PRODUCT_NAME = "$(TARGET_NAME)";
				SWIFT_VERSION = 5.0;
				TARGETED_DEVICE_FAMILY = 1;
			};
			name = Debug;
		};
		6ECBF46223BAA09B00370E7A /* Release */ = {
			isa = XCBuildConfiguration;
			buildSettings = {
				ASSETCATALOG_COMPILER_APPICON_NAME = AppIcon;
				CODE_SIGN_STYLE = Automatic;
				DEVELOPMENT_TEAM = K36HYHZA7X;
				INFOPLIST_FILE = GHFollowers/Info.plist;
				LD_RUNPATH_SEARCH_PATHS = (
					"$(inherited)",
					"@executable_path/Frameworks",
				);
				PRODUCT_BUNDLE_IDENTIFIER = com.lonniegerol.GHFollowers;
				PRODUCT_NAME = "$(TARGET_NAME)";
				SWIFT_VERSION = 5.0;
				TARGETED_DEVICE_FAMILY = 1;
			};
			name = Release;
		};
/* End XCBuildConfiguration section */

/* Begin XCConfigurationList section */
		6ECBF44723BAA09900370E7A /* Build configuration list for PBXProject "GHFollowers" */ = {
			isa = XCConfigurationList;
			buildConfigurations = (
				6ECBF45E23BAA09B00370E7A /* Debug */,
				6ECBF45F23BAA09B00370E7A /* Release */,
			);
			defaultConfigurationIsVisible = 0;
			defaultConfigurationName = Release;
		};
		6ECBF46023BAA09B00370E7A /* Build configuration list for PBXNativeTarget "GHFollowers" */ = {
			isa = XCConfigurationList;
			buildConfigurations = (
				6ECBF46123BAA09B00370E7A /* Debug */,
				6ECBF46223BAA09B00370E7A /* Release */,
			);
			defaultConfigurationIsVisible = 0;
			defaultConfigurationName = Release;
		};
/* End XCConfigurationList section */
	};
	rootObject = 6ECBF44423BAA09900370E7A /* Project object */;
}
